
Microsoft Visual Studio Solution File, Format Version 12.00
# Visual Studio Version 16
VisualStudioVersion = 16.0.31729.503
MinimumVisualStudioVersion = 10.0.40219.1
Project("{9A19103F-16F7-4668-BE54-9A1E7A4F7556}") = "BlazorVS2019_Module_2", "BlazorVS2019_Module_2\BlazorVS2019_Module_2.csproj", "{41887532-408E-498F-88AD-E5CA6B94FB2C}"
EndProject
Global
	GlobalSection(SolutionConfigurationPlatforms) = preSolution
		Debug|Any CPU = Debug|Any CPU
		Release|Any CPU = Release|Any CPU
	EndGlobalSection
	GlobalSection(ProjectConfigurationPlatforms) = postSolution
		{41887532-408E-498F-88AD-E5CA6B94FB2C}.Debug|Any CPU.ActiveCfg = Debug|Any CPU
		{41887532-408E-498F-88AD-E5CA6B94FB2C}.Debug|Any CPU.Build.0 = Debug|Any CPU
		{41887532-408E-498F-88AD-E5CA6B94FB2C}.Release|Any CPU.ActiveCfg = Release|Any CPU
		{41887532-408E-498F-88AD-E5CA6B94FB2C}.Release|Any CPU.Build.0 = Release|Any CPU
	EndGlobalSection
	GlobalSection(SolutionProperties) = preSolution
		HideSolutionNode = FALSE
	EndGlobalSection
	GlobalSection(ExtensibilityGlobals) = postSolution
		SolutionGuid = {9D0F2383-838F-4454-8CEA-7D809784566D}
	EndGlobalSection
EndGlobal
